
Microsoft Visual Studio Solution File, Format Version 12.00
# Visual Studio Version 16
VisualStudioVersion = 16.0.32002.261
MinimumVisualStudioVersion = 10.0.40219.1
Project("{FAE04EC0-301F-11D3-BF4B-00C04F79EFBC}") = "CocornaStore", "CocornaStore\CocornaStore.csproj", "{D8FBF7C8-A7A9-4F55-B83A-D40365E98E2E}"
EndProject
Global
	GlobalSection(SolutionConfigurationPlatforms) = preSolution
		Debug|Any CPU = Debug|Any CPU
		Release|Any CPU = Release|Any CPU
	EndGlobalSection
	GlobalSection(ProjectConfigurationPlatforms) = postSolution
		{D8FBF7C8-A7A9-4F55-B83A-D40365E98E2E}.Debug|Any CPU.ActiveCfg = Debug|Any CPU
		{D8FBF7C8-A7A9-4F55-B83A-D40365E98E2E}.Debug|Any CPU.Build.0 = Debug|Any CPU
		{D8FBF7C8-A7A9-4F55-B83A-D40365E98E2E}.Release|Any CPU.ActiveCfg = Release|Any CPU
		{D8FBF7C8-A7A9-4F55-B83A-D40365E98E2E}.Release|Any CPU.Build.0 = Release|Any CPU
	EndGlobalSection
	GlobalSection(SolutionProperties) = preSolution
		HideSolutionNode = FALSE
	EndGlobalSection
	GlobalSection(ExtensibilityGlobals) = postSolution
		SolutionGuid = {F9EB1FA0-7515-419D-B43F-563D08BD02BD}
	EndGlobalSection
EndGlobal
